{
  "lib/eigenlayer-middleware": {
    "rev": "4d63f27247587607beb67f96fdabec4b2c1321ef"
  },
  "lib/fhenix-contracts": {
    "tag": {
      "name": "v0.3.1",
      "rev": "00e1eb38e6adb1c28e97cd40d9095668930aee99"
    }
  },
  "lib/forge-std": {
    "rev": "726a6ee5fc8427a0013d6f624e486c9130c0e336"
  }
}